# THIS IS AN AUTOGENERATED FILE. DO NOT EDIT THIS FILE DIRECTLY.
# yarn lockfile v1


papaparse@^5.3.2:
  version "5.3.2"
  resolved "https://registry.yarnpkg.com/papaparse/-/papaparse-5.3.2.tgz#d1abed498a0ee299f103130a6109720404fbd467"
  integrity sha512-6dNZu0Ki+gyV0eBsFKJhYr+MdQYAzFUGlBMNj3GNrmHxmz1lfRa24CjFObPXtjcetlOv5Ad299MhIK0znp3afw==

type@module:
  version "2.6.0"
  resolved "https://registry.yarnpkg.com/type/-/type-2.6.0.tgz#3ca6099af5981d36ca86b78442973694278a219f"
  integrity sha512-eiDBDOmkih5pMbo9OqsqPRGMljLodLcwd5XD5JbtNB0o89xZAwynY9EdCDsJU7LtcVCClu9DvM7/0Ep1hYX3EQ==
